
Microsoft Visual Studio Solution File, Format Version 11.00
# Visual Studio 2010
Project("{8BC9CEB8-8B4A-11D0-8D11-00A0C91BC942}") = "HyperVideoAuthor", "HyperVideoAuthor\HyperVideoAuthor.vcxproj", "{7EBA3EF4-585F-43EF-BD84-20039E745F2F}"
EndProject
Global
	GlobalSection(SolutionConfigurationPlatforms) = preSolution
		Debug|Win32 = Debug|Win32
		Release|Win32 = Release|Win32
	EndGlobalSection
	GlobalSection(ProjectConfigurationPlatforms) = postSolution
		{7EBA3EF4-585F-43EF-BD84-20039E745F2F}.Debug|Win32.ActiveCfg = Debug|Win32
		{7EBA3EF4-585F-43EF-BD84-20039E745F2F}.Debug|Win32.Build.0 = Debug|Win32
		{7EBA3EF4-585F-43EF-BD84-20039E745F2F}.Release|Win32.ActiveCfg = Release|Win32
		{7EBA3EF4-585F-43EF-BD84-20039E745F2F}.Release|Win32.Build.0 = Release|Win32
	EndGlobalSection
	GlobalSection(SolutionProperties) = preSolution
		HideSolutionNode = FALSE
	EndGlobalSection
EndGlobal
